{
  "name": "fast-force",
  "version": "0.1.0",
  "lockfileVersion": 3,
  "requires": true,
  "packages": {
    "": {
      "name": "fast-force",
      "version": "0.1.0",
      "license": "MIT",
      "dependencies": {
        "@astrojs/react": "^4.4.2",
        "@headlessui/react": "^2.2.9",
        "@heroicons/react": "^2.2.0",
        "@tailwindcss/vite": "^4.2.1",
        "@types/react": "^19.2.14",
        "@types/react-dom": "^19.2.3",
        "@vite-pwa/astro": "^1.2.0",
        "astro": "^5.18.1",
        "clsx": "^2.1.1",
        "framer-motion": "^12.4.7",
        "lucide-react": "^0.577.0",
        "react": "^19.2.4",
        "react-dom": "^19.2.4",
        "tailwind-merge": "^3.5.0",
        "tailwindcss": "^4.2.1"
      }
    },
    "node_modules/@apideck/better-ajv-errors": {
      "version": "0.3.6",
      "resolved": "https://registry.npmjs.org/@apideck/better-ajv-errors/-/better-ajv-errors-0.3.6.tgz",
      "integrity": "sha512-P+ZygBLZtkp0qqOAJJVX4oX/sFo5JR3eBWwwuqHHhK0GIgQOKWrAfiAaWX0aArHkRWHMuggFEgAZNxVPwPZYaA==",
      "license": "MIT",
      "dependencies": {
        "json-schema": "^0.4.0",
        "jsonpointer": "^5.0.0",
        "leven": "^3.1.0"
      },
      "engines": {
        "node": ">=10"
      },
      "peerDependencies": {
        "ajv": ">=8"
      }
    },
    "node_modules/@astrojs/compiler": {
      "version": "3.0.1",
      "resolved": "https://registry.npmjs.org/@astrojs/compiler/-/compiler-3.0.1.tgz",
      "integrity": "sha512-z97oYbdebO5aoWzuJ/8q5hLK232+17KcLZ7cJ8BCWk6+qNzVxn/gftC0KzMBUTD8WAaBkPpNSQK6PXLnNrZ0CA==",
      "license": "MIT"
    },
    "node_modules/@astrojs/internal-helpers": {
      "version": "0.9.0",
      "resolved": "https://registry.npmjs.org/@astrojs/internal-helpers/-/internal-helpers-0.9.0.tgz",
      "integrity": "sha512-GdYkzR26re8izmyYlBqf4z2s7zNngmWLFuxw0UKiPNqHraZGS6GKWIwSHgS22RDlu2ePFJ8bzmpBcUszut/SDg==",
      "license": "MIT",
      "dependencies": {
        "picomatch": "^4.0.4"
      }
    },
    "node_modules/@astrojs/markdown-remark": {
      "version": "7.1.1",
      "resolved": "https://registry.npmjs.org/@astrojs/markdown-remark/-/markdown-remark-7.1.1.tgz",
      "integrity": "sha512-C6e9BnLGlbdv6bV8MYGeHpHxsUHrCrB4OuRLqi5LI7oiBVcBcqfUN06zpwFQdHgV48QCCrMmLpyqBr7VqC+swA==",
      "license": "MIT",
      "dependencies": {
        "@astrojs/internal-helpers": "0.9.0",
        "@astrojs/prism": "4.0.1",
        "github-slugger": "^2.0.0",
        "hast-util-from-html": "^2.0.3",
        "hast-util-to-text": "^4.0.2",
        "js-yaml": "^4.1.1",
        "mdast-util-definitions": "^6.0.0",
        "rehype-raw": "^7.0.0",
        "rehype-stringify": "^10.0.1",
        "remark-gfm": "^4.0.1",
        "remark-parse": "^11.0.0",
        "remark-rehype": "^11.1.2",
        "remark-smartypants": "^3.0.2",
        "retext-smartypants": "^6.2.0",
        "shiki": "^4.0.0",
        "smol-toml": "^1.6.0",
        "unified": "^11.0.5",
        "unist-util-remove-position": "^5.0.0",
        "unist-util-visit": "^5.1.0",
        "unist-util-visit-parents": "^6.0.2",
        "vfile": "^6.0.3"
      }
    },
    "node_modules/@astrojs/prism": {
      "version": "4.0.1",
      "resolved": "https://registry.npmjs.org/@astrojs/prism/-/prism-4.0.1.tgz",
      "integrity": "sha512-nksZQVjlferuWzhPsBpQ1JE5XuKAf1id1/9Hj4a9KG4+ofrlzxUUwX4YGQF/SuDiuiGKEnzopGOt38F3AnVWsQ==",
      "license": "MIT",
      "dependencies": {
        "prismjs": "^1.30.0"
      },
      "engines": {
        "node": ">=22.12.0"
      }
    },
    "node_modules/@astrojs/react": {
      "version": "4.4.2",
      "resolved": "https://registry.npmjs.org/@astrojs/react/-/react-4.4.2.tgz",
      "integrity": "sha512-1tl95bpGfuaDMDn8O3x/5Dxii1HPvzjvpL2YTuqOOrQehs60I2DKiDgh1jrKc7G8lv+LQT5H15V6QONQ+9waeQ==",
      "license": "MIT",
      "dependencies": {
        "@vitejs/plugin-react": "^4.7.0",
        "ultrahtml": "^1.6.0",
        "vite": "^6.4.1"
      },
      "engines": {
        "node": "18.20.8 || ^20.3.0 || >=22.0.0"
      },
      "peerDependencies": {
        "@types/react": "^17.0.50 || ^18.0.21 || ^19.0.0",
        "@types/react-dom": "^17.0.17 || ^18.0.6 || ^19.0.0",
        "react": "^17.0.2 || ^18.0.0 || ^19.0.0",
        "react-dom": "^17.0.2 || ^18.0.0 || ^19.0.0"
      }
    },
    "node_modules/@astrojs/telemetry": {
      "version": "3.3.1",
      "resolved": "https://registry.npmjs.org/@astrojs/telemetry/-/telemetry-3.3.1.tgz",
      "integrity": "sha512-7fcIxXS9J4ls5tr8b3ww9rbAIz2+HrhNJYZdkAhhB4za/I5IZ/60g+Bs8q7zwG0tOIZfNB4JWhVJ1Qkl/OrNCw==",
      "license": "MIT",
      "dependencies": {
        "ci-info": "^4.4.0",
        "dlv": "^1.1.3",
        "dset": "^3.1.4",
        "is-docker": "^4.0.0",
        "is-wsl": "^3.1.1",
        "which-pm-runs": "^1.1.0"
      },
      "engines": {
        "node": "18.20.8 || ^20.3.0 || >=22.0.0"
      }
    }
  }
}
